
Microsoft Visual Studio Solution File, Format Version 12.00
# Visual Studio 15
VisualStudioVersion = 15.0.27428.2002
MinimumVisualStudioVersion = 10.0.40219.1
Project("{8BC9CEB8-8B4A-11D0-8D11-00A0C91BC942}") = "Stack3", "Stack3\Stack3.vcxproj", "{E88D5E35-0F67-4228-B800-A5A9C8C98137}"
EndProject
Global
	GlobalSection(SolutionConfigurationPlatforms) = preSolution
		Debug|x64 = Debug|x64
		Debug|x86 = Debug|x86
		Release|x64 = Release|x64
		Release|x86 = Release|x86
	EndGlobalSection
	GlobalSection(ProjectConfigurationPlatforms) = postSolution
		{E88D5E35-0F67-4228-B800-A5A9C8C98137}.Debug|x64.ActiveCfg = Debug|x64
		{E88D5E35-0F67-4228-B800-A5A9C8C98137}.Debug|x64.Build.0 = Debug|x64
		{E88D5E35-0F67-4228-B800-A5A9C8C98137}.Debug|x86.ActiveCfg = Debug|Win32
		{E88D5E35-0F67-4228-B800-A5A9C8C98137}.Debug|x86.Build.0 = Debug|Win32
		{E88D5E35-0F67-4228-B800-A5A9C8C98137}.Release|x64.ActiveCfg = Release|x64
		{E88D5E35-0F67-4228-B800-A5A9C8C98137}.Release|x64.Build.0 = Release|x64
		{E88D5E35-0F67-4228-B800-A5A9C8C98137}.Release|x86.ActiveCfg = Release|Win32
		{E88D5E35-0F67-4228-B800-A5A9C8C98137}.Release|x86.Build.0 = Release|Win32
	EndGlobalSection
	GlobalSection(SolutionProperties) = preSolution
		HideSolutionNode = FALSE
	EndGlobalSection
	GlobalSection(ExtensibilityGlobals) = postSolution
		SolutionGuid = {DF33EDF4-FBD3-4281-8348-465DA0EFA7C9}
	EndGlobalSection
EndGlobal
